
Microsoft Visual Studio Solution File, Format Version 12.00
# Visual Studio Version 17
VisualStudioVersion = 17.4.33213.308
MinimumVisualStudioVersion = 10.0.40219.1
Project("{FAE04EC0-301F-11D3-BF4B-00C04F79EFBC}") = "xemay", "xemay\xemay.csproj", "{876D70F3-FB03-4680-835E-C98558CF9C0E}"
EndProject
Global
	GlobalSection(SolutionConfigurationPlatforms) = preSolution
		Debug|Any CPU = Debug|Any CPU
		Release|Any CPU = Release|Any CPU
	EndGlobalSection
	GlobalSection(ProjectConfigurationPlatforms) = postSolution
		{876D70F3-FB03-4680-835E-C98558CF9C0E}.Debug|Any CPU.ActiveCfg = Debug|Any CPU
		{876D70F3-FB03-4680-835E-C98558CF9C0E}.Debug|Any CPU.Build.0 = Debug|Any CPU
		{876D70F3-FB03-4680-835E-C98558CF9C0E}.Release|Any CPU.ActiveCfg = Release|Any CPU
		{876D70F3-FB03-4680-835E-C98558CF9C0E}.Release|Any CPU.Build.0 = Release|Any CPU
	EndGlobalSection
	GlobalSection(SolutionProperties) = preSolution
		HideSolutionNode = FALSE
	EndGlobalSection
	GlobalSection(ExtensibilityGlobals) = postSolution
		SolutionGuid = {ECD91885-D774-47D3-85CF-3EE12770554A}
	EndGlobalSection
EndGlobal
